
Microsoft Visual Studio Solution File, Format Version 12.00
# Visual Studio Version 17
VisualStudioVersion = 17.7.34024.191
MinimumVisualStudioVersion = 10.0.40219.1
Project("{FAE04EC0-301F-11D3-BF4B-00C04F79EFBC}") = "FirstGitExample", "FirstGitExample\FirstGitExample.csproj", "{F65D0948-9D69-4AE4-9348-8C58CF628B4B}"
EndProject
Global
	GlobalSection(SolutionConfigurationPlatforms) = preSolution
		Debug|Any CPU = Debug|Any CPU
		Release|Any CPU = Release|Any CPU
	EndGlobalSection
	GlobalSection(ProjectConfigurationPlatforms) = postSolution
		{F65D0948-9D69-4AE4-9348-8C58CF628B4B}.Debug|Any CPU.ActiveCfg = Debug|Any CPU
		{F65D0948-9D69-4AE4-9348-8C58CF628B4B}.Debug|Any CPU.Build.0 = Debug|Any CPU
		{F65D0948-9D69-4AE4-9348-8C58CF628B4B}.Release|Any CPU.ActiveCfg = Release|Any CPU
		{F65D0948-9D69-4AE4-9348-8C58CF628B4B}.Release|Any CPU.Build.0 = Release|Any CPU
	EndGlobalSection
	GlobalSection(SolutionProperties) = preSolution
		HideSolutionNode = FALSE
	EndGlobalSection
	GlobalSection(ExtensibilityGlobals) = postSolution
		SolutionGuid = {28EEDC9D-9489-415A-8588-4F624A59732B}
	EndGlobalSection
EndGlobal
